
Microsoft Visual Studio Solution File, Format Version 12.00
# Visual Studio Version 17
VisualStudioVersion = 17.3.32819.101
MinimumVisualStudioVersion = 10.0.40219.1
Project("{FAE04EC0-301F-11D3-BF4B-00C04F79EFBC}") = "Enzwals.api", "Enzwals.api\Enzwals.api.csproj", "{52A743BC-7897-45A4-9D89-F59F5122E094}"
EndProject
Global
	GlobalSection(SolutionConfigurationPlatforms) = preSolution
		Debug|Any CPU = Debug|Any CPU
		Release|Any CPU = Release|Any CPU
	EndGlobalSection
	GlobalSection(ProjectConfigurationPlatforms) = postSolution
		{52A743BC-7897-45A4-9D89-F59F5122E094}.Debug|Any CPU.ActiveCfg = Debug|Any CPU
		{52A743BC-7897-45A4-9D89-F59F5122E094}.Debug|Any CPU.Build.0 = Debug|Any CPU
		{52A743BC-7897-45A4-9D89-F59F5122E094}.Release|Any CPU.ActiveCfg = Release|Any CPU
		{52A743BC-7897-45A4-9D89-F59F5122E094}.Release|Any CPU.Build.0 = Release|Any CPU
	EndGlobalSection
	GlobalSection(SolutionProperties) = preSolution
		HideSolutionNode = FALSE
	EndGlobalSection
	GlobalSection(ExtensibilityGlobals) = postSolution
		SolutionGuid = {B365CC57-C88B-479B-8859-59949FE9B107}
	EndGlobalSection
EndGlobal
